// !$*UTF8*$!
{
	archiveVersion = 1;
	classes = {
	};
	objectVersion = 55;
	objects = {

/* Begin PBXBuildFile section */
		A5C543C42844CE8E000E5B52 /* AppDelegate.swift in Sources */ = {isa = PBXBuildFile; fileRef = A5C543C32844CE8E000E5B52 /* AppDelegate.swift */; };
		A5C543C62844CE8E000E5B52 /* SceneDelegate.swift in Sources */ = {isa = PBXBuildFile; fileRef = A5C543C52844CE8E000E5B52 /* SceneDelegate.swift */; };
		A5C543C82844CE8E000E5B52 /* ViewController.swift in Sources */ = {isa = PBXBuildFile; fileRef = A5C543C72844CE8E000E5B52 /* ViewController.swift */; };
		A5C543CB2844CE8E000E5B52 /* Main.storyboard in Resources */ = {isa = PBXBuildFile; fileRef = A5C543C92844CE8E000E5B52 /* Main.storyboard */; };
		A5C543CD2844CE8E000E5B52 /* Assets.xcassets in Resources */ = {isa = PBXBuildFile; fileRef = A5C543CC2844CE8E000E5B52 /* Assets.xcassets */; };
		A5C543D02844CE8E000E5B52 /* LaunchScreen.storyboard in Resources */ = {isa = PBXBuildFile; fileRef = A5C543CE2844CE8E000E5B52 /* LaunchScreen.storyboard */; };
		A5C543DA2844D08D000E5B52 /* Localizable.strings in Resources */ = {isa = PBXBuildFile; fileRef = A5C543DC2844D08D000E5B52 /* Localizable.strings */; };
		A5C543E12844D6EC000E5B52 /* LocalizedStrings.swift in Sources */ = {isa = PBXBuildFile; fileRef = A5C543E02844D6EC000E5B52 /* LocalizedStrings.swift */; };
/* End PBXBuildFile section */

/* Begin PBXFileReference section */
		A5C543C02844CE8E000E5B52 /* LoclizedApp.app */ = {isa = PBXFileReference; explicitFileType = wrapper.application; includeInIndex = 0; path = LoclizedApp.app; sourceTree = BUILT_PRODUCTS_DIR; };
		A5C543C32844CE8E000E5B52 /* AppDelegate.swift */ = {isa = PBXFileReference; lastKnownFileType = sourcecode.swift; path = AppDelegate.swift; sourceTree = "<group>"; };
		A5C543C52844CE8E000E5B52 /* SceneDelegate.swift */ = {isa = PBXFileReference; lastKnownFileType = sourcecode.swift; path = SceneDelegate.swift; sourceTree = "<group>"; };
		A5C543C72844CE8E000E5B52 /* ViewController.swift */ = {isa = PBXFileReference; lastKnownFileType = sourcecode.swift; path = ViewController.swift; sourceTree = "<group>"; };
		A5C543CA2844CE8E000E5B52 /* Base */ = {isa = PBXFileReference; lastKnownFileType = file.storyboard; name = Base; path = Base.lproj/Main.storyboard; sourceTree = "<group>"; };
		A5C543CC2844CE8E000E5B52 /* Assets.xcassets */ = {isa = PBXFileReference; lastKnownFileType = folder.assetcatalog; path = Assets.xcassets; sourceTree = "<group>"; };
		A5C543CF2844CE8E000E5B52 /* Base */ = {isa = PBXFileReference; lastKnownFileType = file.storyboard; name = Base; path = Base.lproj/LaunchScreen.storyboard; sourceTree = "<group>"; };
		A5C543D12844CE8E000E5B52 /* Info.plist */ = {isa = PBXFileReference; lastKnownFileType = text.plist.xml; path = Info.plist; sourceTree = "<group>"; };
		A5C543DB2844D08D000E5B52 /* en */ = {isa = PBXFileReference; lastKnownFileType = text.plist.strings; name = en; path = en.lproj/Localizable.strings; sourceTree = "<group>"; };
		A5C543DF2844D0EE000E5B52 /* ru */ = {isa = PBXFileReference; lastKnownFileType = text.plist.strings; name = ru; path = ru.lproj/Localizable.strings; sourceTree = "<group>"; };
		A5C543E02844D6EC000E5B52 /* LocalizedStrings.swift */ = {isa = PBXFileReference; lastKnownFileType = sourcecode.swift; path = LocalizedStrings.swift; sourceTree = "<group>"; };
/* End PBXFileReference section */

/* Begin PBXFrameworksBuildPhase section */
		A5C543BD2844CE8E000E5B52 /* Frameworks */ = {
			isa = PBXFrameworksBuildPhase;
			buildActionMask = 2147483647;
			files = (
			);
			runOnlyForDeploymentPostprocessing = 0;
		};
/* End PBXFrameworksBuildPhase section */

/* Begin PBXGroup section */
		A5C543B72844CE8E000E5B52 = {
			isa = PBXGroup;
			children = (
				A5C543C22844CE8E000E5B52 /* LoclizedApp */,
				A5C543C12844CE8E000E5B52 /* Products */,
			);
			sourceTree = "<group>";
		};
		A5C543C12844CE8E000E5B52 /* Products */ = {
			isa = PBXGroup;
			children = (
				A5C543C02844CE8E000E5B52 /* LoclizedApp.app */,
			);
			name = Products;
			sourceTree = "<group>";
		};
		A5C543C22844CE8E000E5B52 /* LoclizedApp */ = {
			isa = PBXGroup;
			children = (
				A5C543D72844CFE6000E5B52 /* Localization */,
				A5C543C32844CE8E000E5B52 /* AppDelegate.swift */,
				A5C543C52844CE8E000E5B52 /* SceneDelegate.swift */,
				A5C543C72844CE8E000E5B52 /* ViewController.swift */,
				A5C543C92844CE8E000E5B52 /* Main.storyboard */,
				A5C543CC2844CE8E000E5B52 /* Assets.xcassets */,
				A5C543CE2844CE8E000E5B52 /* LaunchScreen.storyboard */,
				A5C543D12844CE8E000E5B52 /* Info.plist */,
			);
			path = LoclizedApp;
			sourceTree = "<group>";
		};
		A5C543D72844CFE6000E5B52 /* Localization */ = {
			isa = PBXGroup;
			children = (
				A5C543E02844D6EC000E5B52 /* LocalizedStrings.swift */,
				A5C543DC2844D08D000E5B52 /* Localizable.strings */,
			);
			path = Localization;
			sourceTree = "<group>";
		};
/* End PBXGroup section */

/* Begin PBXNativeTarget section */
		A5C543BF2844CE8E000E5B52 /* LoclizedApp */ = {
			isa = PBXNativeTarget;
			buildConfigurationList = A5C543D42844CE8E000E5B52 /* Build configuration list for PBXNativeTarget "LoclizedApp" */;
			buildPhases = (
				A5C543BC2844CE8E000E5B52 /* Sources */,
				A5C543BD2844CE8E000E5B52 /* Frameworks */,
				A5C543BE2844CE8E000E5B52 /* Resources */,
			);
			buildRules = (
			);
			dependencies = (
			);
			name = LoclizedApp;
			productName = LoclizedApp;
			productReference = A5C543C02844CE8E000E5B52 /* LoclizedApp.app */;
			productType = "com.apple.product-type.application";
		};
/* End PBXNativeTarget section */

/* Begin PBXProject section */
		A5C543B82844CE8E000E5B52 /* Project object */ = {
			isa = PBXProject;
			attributes = {
				BuildIndependentTargetsInParallel = 1;
				LastSwiftUpdateCheck = 1330;
				LastUpgradeCheck = 1330;
				TargetAttributes = {
					A5C543BF2844CE8E000E5B52 = {
						CreatedOnToolsVersion = 13.3;
					};
				};
			};
			buildConfigurationList = A5C543BB2844CE8E000E5B52 /* Build configuration list for PBXProject "LoclizedApp" */;
			compatibilityVersion = "Xcode 13.0";
			developmentRegion = en;
			hasScannedForEncodings = 0;
			knownRegions = (
				en,
				Base,
				ru,
			);
			mainGroup = A5C543B72844CE8E000E5B52;
			productRefGroup = A5C543C12844CE8E000E5B52 /* Products */;
			projectDirPath = "";
			projectRoot = "";
			targets = (
				A5C543BF2844CE8E000E5B52 /* LoclizedApp */,
			);
		};
/* End PBXProject section */

/* Begin PBXResourcesBuildPhase section */
		A5C543BE2844CE8E000E5B52 /* Resources */ = {
			isa = PBXResourcesBuildPhase;
			buildActionMask = 2147483647;
			files = (
				A5C543D02844CE8E000E5B52 /* LaunchScreen.storyboard in Resources */,
				A5C543DA2844D08D000E5B52 /* Localizable.strings in Resources */,
				A5C543CD2844CE8E000E5B52 /* Assets.xcassets in Resources */,
				A5C543CB2844CE8E000E5B52 /* Main.storyboard in Resources */,
			);
			runOnlyForDeploymentPostprocessing = 0;
		};
/* End PBXResourcesBuildPhase section */

/* Begin PBXSourcesBuildPhase section */
		A5C543BC2844CE8E000E5B52 /* Sources */ = {
			isa = PBXSourcesBuildPhase;
			buildActionMask = 2147483647;
			files = (
				A5C543C82844CE8E000E5B52 /* ViewController.swift in Sources */,
				A5C543C42844CE8E000E5B52 /* AppDelegate.swift in Sources */,
				A5C543E12844D6EC000E5B52 /* LocalizedStrings.swift in Sources */,
				A5C543C62844CE8E000E5B52 /* SceneDelegate.swift in Sources */,
			);
			runOnlyForDeploymentPostprocessing = 0;
		};
/* End PBXSourcesBuildPhase section */

/* Begin PBXVariantGroup section */
		A5C543C92844CE8E000E5B52 /* Main.storyboard */ = {
			isa = PBXVariantGroup;
			children = (
				A5C543CA2844CE8E000E5B52 /* Base */,
			);
			name = Main.storyboard;
			sourceTree = "<group>";
		};
		A5C543CE2844CE8E000E5B52 /* LaunchScreen.storyboard */ = {
			isa = PBXVariantGroup;
			children = (
				A5C543CF2844CE8E000E5B52 /* Base */,
			);
			name = LaunchScreen.storyboard;
			sourceTree = "<group>";
		};
		A5C543DC2844D08D000E5B52 /* Localizable.strings */ = {
			isa = PBXVariantGroup;
			children = (
				A5C543DB2844D08D000E5B52 /* en */,
				A5C543DF2844D0EE000E5B52 /* ru */,
			);
			name = Localizable.strings;
			sourceTree = "<group>";
		};
/* End PBXVariantGroup section */

/* Begin XCBuildConfiguration section */
		A5C543D22844CE8E000E5B52 /* Debug */ = {
			isa = XCBuildConfiguration;
			buildSettings = {
				ALWAYS_SEARCH_USER_PATHS = NO;
				CLANG_ANALYZER_LOCALIZABILITY_NONLOCALIZED = YES;
				CLANG_ANALYZER_NONNULL = YES;
				CLANG_ANALYZER_NUMBER_OBJECT_CONVERSION = YES_AGGRESSIVE;
				CLANG_CXX_LANGUAGE_STANDARD = "gnu++17";
				CLANG_ENABLE_MODULES = YES;
				CLANG_ENABLE_OBJC_ARC = YES;
				CLANG_ENABLE_OBJC_WEAK = YES;
				CLANG_WARN_BLOCK_CAPTURE_AUTORELEASING = YES;
				CLANG_WARN_BOOL_CONVERSION = YES;
				CLANG_WARN_COMMA = YES;
				CLANG_WARN_CONSTANT_CONVERSION = YES;
				CLANG_WARN_DEPRECATED_OBJC_IMPLEMENTATIONS = YES;
				CLANG_WARN_DIRECT_OBJC_ISA_USAGE = YES_ERROR;
				CLANG_WARN_DOCUMENTATION_COMMENTS = YES;
				CLANG_WARN_EMPTY_BODY = YES;
				CLANG_WARN_ENUM_CONVERSION = YES;
				CLANG_WARN_INFINITE_RECURSION = YES;
				CLANG_WARN_INT_CONVERSION = YES;
				CLANG_WARN_NON_LITERAL_NULL_CONVERSION = YES;
				CLANG_WARN_OBJC_IMPLICIT_RETAIN_SELF = YES;
				CLANG_WARN_OBJC_LITERAL_CONVERSION = YES;
				CLANG_WARN_OBJC_ROOT_CLASS = YES_ERROR;
				CLANG_WARN_QUOTED_INCLUDE_IN_FRAMEWORK_HEADER = YES;
				CLANG_WARN_RANGE_LOOP_ANALYSIS = YES;
				CLANG_WARN_STRICT_PROTOTYPES = YES;
				CLANG_WARN_SUSPICIOUS_MOVE = YES;
				CLANG_WARN_UNGUARDED_AVAILABILITY = YES_AGGRESSIVE;
				CLANG_WARN_UNREACHABLE_CODE = YES;
				CLANG_WARN__DUPLICATE_METHOD_MATCH = YES;
				COPY_PHASE_STRIP = NO;
				DEBUG_INFORMATION_FORMAT = dwarf;
				ENABLE_STRICT_OBJC_MSGSEND = YES;
				ENABLE_TESTABILITY = YES;
				GCC_C_LANGUAGE_STANDARD = gnu11;
				GCC_DYNAMIC_NO_PIC = NO;
				GCC_NO_COMMON_BLOCKS = YES;
				GCC_OPTIMIZATION_LEVEL = 0;
				GCC_PREPROCESSOR_DEFINITIONS = (
					"DEBUG=1",
					"$(inherited)",
				);
				GCC_WARN_64_TO_32_BIT_CONVERSION = YES;
				GCC_WARN_ABOUT_RETURN_TYPE = YES_ERROR;
				GCC_WARN_UNDECLARED_SELECTOR = YES;
				GCC_WARN_UNINITIALIZED_AUTOS = YES_AGGRESSIVE;
				GCC_WARN_UNUSED_FUNCTION = YES;
				GCC_WARN_UNUSED_VARIABLE = YES;
				IPHONEOS_DEPLOYMENT_TARGET = 15.4;
				MTL_ENABLE_DEBUG_INFO = INCLUDE_SOURCE;
				MTL_FAST_MATH = YES;
				ONLY_ACTIVE_ARCH = YES;
				SDKROOT = iphoneos;
				SWIFT_ACTIVE_COMPILATION_CONDITIONS = DEBUG;
				SWIFT_EMIT_LOC_STRINGS = YES;
				SWIFT_OPTIMIZATION_LEVEL = "-Onone";
			};
			name = Debug;
		};
		A5C543D32844CE8E000E5B52 /* Release */ = {
			isa = XCBuildConfiguration;
			buildSettings = {
				ALWAYS_SEARCH_USER_PATHS = NO;
				CLANG_ANALYZER_LOCALIZABILITY_NONLOCALIZED = YES;
				CLANG_ANALYZER_NONNULL = YES;
				CLANG_ANALYZER_NUMBER_OBJECT_CONVERSION = YES_AGGRESSIVE;
				CLANG_CXX_LANGUAGE_STANDARD = "gnu++17";
				CLANG_ENABLE_MODULES = YES;
				CLANG_ENABLE_OBJC_ARC = YES;
				CLANG_ENABLE_OBJC_WEAK = YES;
				CLANG_WARN_BLOCK_CAPTURE_AUTORELEASING = YES;
				CLANG_WARN_BOOL_CONVERSION = YES;
				CLANG_WARN_COMMA = YES;
				CLANG_WARN_CONSTANT_CONVERSION = YES;
				CLANG_WARN_DEPRECATED_OBJC_IMPLEMENTATIONS = YES;
				CLANG_WARN_DIRECT_OBJC_ISA_USAGE = YES_ERROR;
				CLANG_WARN_DOCUMENTATION_COMMENTS = YES;
				CLANG_WARN_EMPTY_BODY = YES;
				CLANG_WARN_ENUM_CONVERSION = YES;
				CLANG_WARN_INFINITE_RECURSION = YES;
				CLANG_WARN_INT_CONVERSION = YES;
				CLANG_WARN_NON_LITERAL_NULL_CONVERSION = YES;
				CLANG_WARN_OBJC_IMPLICIT_RETAIN_SELF = YES;
				CLANG_WARN_OBJC_LITERAL_CONVERSION = YES;
				CLANG_WARN_OBJC_ROOT_CLASS = YES_ERROR;
				CLANG_WARN_QUOTED_INCLUDE_IN_FRAMEWORK_HEADER = YES;
				CLANG_WARN_RANGE_LOOP_ANALYSIS = YES;
				CLANG_WARN_STRICT_PROTOTYPES = YES;
				CLANG_WARN_SUSPICIOUS_MOVE = YES;
				CLANG_WARN_UNGUARDED_AVAILABILITY = YES_AGGRESSIVE;
				CLANG_WARN_UNREACHABLE_CODE = YES;
				CLANG_WARN__DUPLICATE_METHOD_MATCH = YES;
				COPY_PHASE_STRIP = NO;
				DEBUG_INFORMATION_FORMAT = "dwarf-with-dsym";
				ENABLE_NS_ASSERTIONS = NO;
				ENABLE_STRICT_OBJC_MSGSEND = YES;
				GCC_C_LANGUAGE_STANDARD = gnu11;
				GCC_NO_COMMON_BLOCKS = YES;
				GCC_WARN_64_TO_32_BIT_CONVERSION = YES;
				GCC_WARN_ABOUT_RETURN_TYPE = YES_ERROR;
				GCC_WARN_UNDECLARED_SELECTOR = YES;
				GCC_WARN_UNINITIALIZED_AUTOS = YES_AGGRESSIVE;
				GCC_WARN_UNUSED_FUNCTION = YES;
				GCC_WARN_UNUSED_VARIABLE = YES;
				IPHONEOS_DEPLOYMENT_TARGET = 15.4;
				MTL_ENABLE_DEBUG_INFO = NO;
				MTL_FAST_MATH = YES;
				SDKROOT = iphoneos;
				SWIFT_COMPILATION_MODE = wholemodule;
				SWIFT_EMIT_LOC_STRINGS = YES;
				SWIFT_OPTIMIZATION_LEVEL = "-O";
				VALIDATE_PRODUCT = YES;
			};
			name = Release;
		};
		A5C543D52844CE8E000E5B52 /* Debug */ = {
			isa = XCBuildConfiguration;
			buildSettings = {
				ASSETCATALOG_COMPILER_APPICON_NAME = AppIcon;
				ASSETCATALOG_COMPILER_GLOBAL_ACCENT_COLOR_NAME = AccentColor;
				CODE_SIGN_STYLE = Automatic;
				CURRENT_PROJECT_VERSION = 1;
				DEVELOPMENT_TEAM = CHZJAHSJ6N;
				GENERATE_INFOPLIST_FILE = YES;
				INFOPLIST_FILE = LoclizedApp/Info.plist;
				INFOPLIST_KEY_UIApplicationSupportsIndirectInputEvents = YES;
				INFOPLIST_KEY_UILaunchStoryboardName = LaunchScreen;
				INFOPLIST_KEY_UIMainStoryboardFile = Main;
				INFOPLIST_KEY_UISupportedInterfaceOrientations_iPad = "UIInterfaceOrientationPortrait UIInterfaceOrientationPortraitUpsideDown UIInterfaceOrientationLandscapeLeft UIInterfaceOrientationLandscapeRight";
				INFOPLIST_KEY_UISupportedInterfaceOrientations_iPhone = "UIInterfaceOrientationPortrait UIInterfaceOrientationLandscapeLeft UIInterfaceOrientationLandscapeRight";
				LD_RUNPATH_SEARCH_PATHS = (
					"$(inherited)",
					"@executable_path/Frameworks",
				);
				MARKETING_VERSION = 1.0;
				PRODUCT_BUNDLE_IDENTIFIER = com.SergeyKudryavtsev.LoclizedApp;
				PRODUCT_NAME = "$(TARGET_NAME)";
				SWIFT_EMIT_LOC_STRINGS = YES;
				SWIFT_VERSION = 5.0;
				TARGETED_DEVICE_FAMILY = "1,2";
			};
			name = Debug;
		};
		A5C543D62844CE8E000E5B52 /* Release */ = {
			isa = XCBuildConfiguration;
			buildSettings = {
				ASSETCATALOG_COMPILER_APPICON_NAME = AppIcon;
				ASSETCATALOG_COMPILER_GLOBAL_ACCENT_COLOR_NAME = AccentColor;
				CODE_SIGN_STYLE = Automatic;
				CURRENT_PROJECT_VERSION = 1;
				DEVELOPMENT_TEAM = CHZJAHSJ6N;
				GENERATE_INFOPLIST_FILE = YES;
				INFOPLIST_FILE = LoclizedApp/Info.plist;
				INFOPLIST_KEY_UIApplicationSupportsIndirectInputEvents = YES;
				INFOPLIST_KEY_UILaunchStoryboardName = LaunchScreen;
				INFOPLIST_KEY_UIMainStoryboardFile = Main;
				INFOPLIST_KEY_UISupportedInterfaceOrientations_iPad = "UIInterfaceOrientationPortrait UIInterfaceOrientationPortraitUpsideDown UIInterfaceOrientationLandscapeLeft UIInterfaceOrientationLandscapeRight";
				INFOPLIST_KEY_UISupportedInterfaceOrientations_iPhone = "UIInterfaceOrientationPortrait UIInterfaceOrientationLandscapeLeft UIInterfaceOrientationLandscapeRight";
				LD_RUNPATH_SEARCH_PATHS = (
					"$(inherited)",
					"@executable_path/Frameworks",
				);
				MARKETING_VERSION = 1.0;
				PRODUCT_BUNDLE_IDENTIFIER = com.SergeyKudryavtsev.LoclizedApp;
				PRODUCT_NAME = "$(TARGET_NAME)";
				SWIFT_EMIT_LOC_STRINGS = YES;
				SWIFT_VERSION = 5.0;
				TARGETED_DEVICE_FAMILY = "1,2";
			};
			name = Release;
		};
/* End XCBuildConfiguration section */

/* Begin XCConfigurationList section */
		A5C543BB2844CE8E000E5B52 /* Build configuration list for PBXProject "LoclizedApp" */ = {
			isa = XCConfigurationList;
			buildConfigurations = (
				A5C543D22844CE8E000E5B52 /* Debug */,
				A5C543D32844CE8E000E5B52 /* Release */,
			);
			defaultConfigurationIsVisible = 0;
			defaultConfigurationName = Release;
		};
		A5C543D42844CE8E000E5B52 /* Build configuration list for PBXNativeTarget "LoclizedApp" */ = {
			isa = XCConfigurationList;
			buildConfigurations = (
				A5C543D52844CE8E000E5B52 /* Debug */,
				A5C543D62844CE8E000E5B52 /* Release */,
			);
			defaultConfigurationIsVisible = 0;
			defaultConfigurationName = Release;
		};
/* End XCConfigurationList section */
	};
	rootObject = A5C543B82844CE8E000E5B52 /* Project object */;
}
